// !$*UTF8*$!
{
	archiveVersion = 1;
	classes = {
	};
	objectVersion = 77;
	objects = {

/* Begin PBXContainerItemProxy section */
		542FAB262DF143AD00A4A119 /* PBXContainerItemProxy */ = {
			isa = PBXContainerItemProxy;
			containerPortal = 542FAB0E2DF143AC00A4A119 /* Project object */;
			proxyType = 1;
			remoteGlobalIDString = 542FAB152DF143AC00A4A119;
			remoteInfo = CancerTracker;
		};
		542FAB302DF143AD00A4A119 /* PBXContainerItemProxy */ = {
			isa = PBXContainerItemProxy;
			containerPortal = 542FAB0E2DF143AC00A4A119 /* Project object */;
			proxyType = 1;
			remoteGlobalIDString = 542FAB152DF143AC00A4A119;
			remoteInfo = CancerTracker;
		};
/* End PBXContainerItemProxy section */

/* Begin PBXFileReference section */
		542FAB162DF143AC00A4A119 /* CancerTracker.app */ = {isa = PBXFileReference; explicitFileType = wrapper.application; includeInIndex = 0; path = CancerTracker.app; sourceTree = BUILT_PRODUCTS_DIR; };
		542FAB252DF143AD00A4A119 /* CancerTrackerTests.xctest */ = {isa = PBXFileReference; explicitFileType = wrapper.cfbundle; includeInIndex = 0; path = CancerTrackerTests.xctest; sourceTree = BUILT_PRODUCTS_DIR; };
		542FAB2F2DF143AD00A4A119 /* CancerTrackerUITests.xctest */ = {isa = PBXFileReference; explicitFileType = wrapper.cfbundle; includeInIndex = 0; path = CancerTrackerUITests.xctest; sourceTree = BUILT_PRODUCTS_DIR; };
/* End PBXFileReference section */

/* Begin PBXFileSystemSynchronizedRootGroup section */
		542FAB182DF143AC00A4A119 /* CancerTracker */ = {
			isa = PBXFileSystemSynchronizedRootGroup;
			path = CancerTracker;
			sourceTree = "<group>";
		};
		542FAB282DF143AD00A4A119 /* CancerTrackerTests */ = {
			isa = PBXFileSystemSynchronizedRootGroup;
			path = CancerTrackerTests;
			sourceTree = "<group>";
		};
		542FAB322DF143AD00A4A119 /* CancerTrackerUITests */ = {
			isa = PBXFileSystemSynchronizedRootGroup;
			path = CancerTrackerUITests;
			sourceTree = "<group>";
		};
/* End PBXFileSystemSynchronizedRootGroup section */

/* Begin PBXFrameworksBuildPhase section */
		542FAB132DF143AC00A4A119 /* Frameworks */ = {
			isa = PBXFrameworksBuildPhase;
			buildActionMask = 2147483647;
			files = (
			);
			runOnlyForDeploymentPostprocessing = 0;
		};
		542FAB222DF143AD00A4A119 /* Frameworks */ = {
			isa = PBXFrameworksBuildPhase;
			buildActionMask = 2147483647;
			files = (
			);
			runOnlyForDeploymentPostprocessing = 0;
		};
		542FAB2C2DF143AD00A4A119 /* Frameworks */ = {
			isa = PBXFrameworksBuildPhase;
			buildActionMask = 2147483647;
			files = (
			);
			runOnlyForDeploymentPostprocessing = 0;
		};
/* End PBXFrameworksBuildPhase section */

/* Begin PBXGroup section */
		542FAB0D2DF143AC00A4A119 = {
			isa = PBXGroup;
			children = (
				542FAB182DF143AC00A4A119 /* CancerTracker */,
				542FAB282DF143AD00A4A119 /* CancerTrackerTests */,
				542FAB322DF143AD00A4A119 /* CancerTrackerUITests */,
				542FAB172DF143AC00A4A119 /* Products */,
			);
			sourceTree = "<group>";
		};
		542FAB172DF143AC00A4A119 /* Products */ = {
			isa = PBXGroup;
			children = (
				542FAB162DF143AC00A4A119 /* CancerTracker.app */,
				542FAB252DF143AD00A4A119 /* CancerTrackerTests.xctest */,
				542FAB2F2DF143AD00A4A119 /* CancerTrackerUITests.xctest */,
			);
			name = Products;
			sourceTree = "<group>";
		};
/* End PBXGroup section */

/* Begin PBXNativeTarget section */
		542FAB152DF143AC00A4A119 /* CancerTracker */ = {
			isa = PBXNativeTarget;
			buildConfigurationList = 542FAB392DF143AD00A4A119 /* Build configuration list for PBXNativeTarget "CancerTracker" */;
			buildPhases = (
				542FAB122DF143AC00A4A119 /* Sources */,
				542FAB132DF143AC00A4A119 /* Frameworks */,
				542FAB142DF143AC00A4A119 /* Resources */,
			);
			buildRules = (
			);
			dependencies = (
			);
			fileSystemSynchronizedGroups = (
				542FAB182DF143AC00A4A119 /* CancerTracker */,
			);
			name = CancerTracker;
			packageProductDependencies = (
			);
			productName = CancerTracker;
			productReference = 542FAB162DF143AC00A4A119 /* CancerTracker.app */;
			productType = "com.apple.product-type.application";
		};
		542FAB242DF143AD00A4A119 /* CancerTrackerTests */ = {
			isa = PBXNativeTarget;
			buildConfigurationList = 542FAB3C2DF143AD00A4A119 /* Build configuration list for PBXNativeTarget "CancerTrackerTests" */;
			buildPhases = (
				542FAB212DF143AD00A4A119 /* Sources */,
				542FAB222DF143AD00A4A119 /* Frameworks */,
				542FAB232DF143AD00A4A119 /* Resources */,
			);
			buildRules = (
			);
			dependencies = (
				542FAB272DF143AD00A4A119 /* PBXTargetDependency */,
			);
			fileSystemSynchronizedGroups = (
				542FAB282DF143AD00A4A119 /* CancerTrackerTests */,
			);
			name = CancerTrackerTests;
			packageProductDependencies = (
			);
			productName = CancerTrackerTests;
			productReference = 542FAB252DF143AD00A4A119 /* CancerTrackerTests.xctest */;
			productType = "com.apple.product-type.bundle.unit-test";
		};
		542FAB2E2DF143AD00A4A119 /* CancerTrackerUITests */ = {
			isa = PBXNativeTarget;
			buildConfigurationList = 542FAB3F2DF143AD00A4A119 /* Build configuration list for PBXNativeTarget "CancerTrackerUITests" */;
			buildPhases = (
				542FAB2B2DF143AD00A4A119 /* Sources */,
				542FAB2C2DF143AD00A4A119 /* Frameworks */,
				542FAB2D2DF143AD00A4A119 /* Resources */,
			);
			buildRules = (
			);
			dependencies = (
				542FAB312DF143AD00A4A119 /* PBXTargetDependency */,
			);
			fileSystemSynchronizedGroups = (
				542FAB322DF143AD00A4A119 /* CancerTrackerUITests */,
			);
			name = CancerTrackerUITests;
			packageProductDependencies = (
			);
			productName = CancerTrackerUITests;
			productReference = 542FAB2F2DF143AD00A4A119 /* CancerTrackerUITests.xctest */;
			productType = "com.apple.product-type.bundle.ui-testing";
		};
/* End PBXNativeTarget section */

/* Begin PBXProject section */
		542FAB0E2DF143AC00A4A119 /* Project object */ = {
			isa = PBXProject;
			attributes = {
				BuildIndependentTargetsInParallel = 1;
				LastSwiftUpdateCheck = 1640;
				LastUpgradeCheck = 1640;
				TargetAttributes = {
					542FAB152DF143AC00A4A119 = {
						CreatedOnToolsVersion = 16.4;
					};
					542FAB242DF143AD00A4A119 = {
						CreatedOnToolsVersion = 16.4;
						TestTargetID = 542FAB152DF143AC00A4A119;
					};
					542FAB2E2DF143AD00A4A119 = {
						CreatedOnToolsVersion = 16.4;
						TestTargetID = 542FAB152DF143AC00A4A119;
					};
				};
			};
			buildConfigurationList = 542FAB112DF143AC00A4A119 /* Build configuration list for PBXProject "CancerTracker" */;
			developmentRegion = en;
			hasScannedForEncodings = 0;
			knownRegions = (
				en,
				Base,
			);
			mainGroup = 542FAB0D2DF143AC00A4A119;
			minimizedProjectReferenceProxies = 1;
			preferredProjectObjectVersion = 77;
			productRefGroup = 542FAB172DF143AC00A4A119 /* Products */;
			projectDirPath = "";
			projectRoot = "";
			targets = (
				542FAB152DF143AC00A4A119 /* CancerTracker */,
				542FAB242DF143AD00A4A119 /* CancerTrackerTests */,
				542FAB2E2DF143AD00A4A119 /* CancerTrackerUITests */,
			);
		};
/* End PBXProject section */

/* Begin PBXResourcesBuildPhase section */
		542FAB142DF143AC00A4A119 /* Resources */ = {
			isa = PBXResourcesBuildPhase;
			buildActionMask = 2147483647;
			files = (
			);
			runOnlyForDeploymentPostprocessing = 0;
		};
		542FAB232DF143AD00A4A119 /* Resources */ = {
			isa = PBXResourcesBuildPhase;
			buildActionMask = 2147483647;
			files = (
			);
			runOnlyForDeploymentPostprocessing = 0;
		};
		542FAB2D2DF143AD00A4A119 /* Resources */ = {
			isa = PBXResourcesBuildPhase;
			buildActionMask = 2147483647;
			files = (
			);
			runOnlyForDeploymentPostprocessing = 0;
		};
/* End PBXResourcesBuildPhase section */

/* Begin PBXSourcesBuildPhase section */
		542FAB122DF143AC00A4A119 /* Sources */ = {
			isa = PBXSourcesBuildPhase;
			buildActionMask = 2147483647;
			files = (
			);
			runOnlyForDeploymentPostprocessing = 0;
		};
		542FAB212DF143AD00A4A119 /* Sources */ = {
			isa = PBXSourcesBuildPhase;
			buildActionMask = 2147483647;
			files = (
			);
			runOnlyForDeploymentPostprocessing = 0;
		};
		542FAB2B2DF143AD00A4A119 /* Sources */ = {
			isa = PBXSourcesBuildPhase;
			buildActionMask = 2147483647;
			files = (
			);
			runOnlyForDeploymentPostprocessing = 0;
		};
/* End PBXSourcesBuildPhase section */

/* Begin PBXTargetDependency section */
		542FAB272DF143AD00A4A119 /* PBXTargetDependency */ = {
			isa = PBXTargetDependency;
			target = 542FAB152DF143AC00A4A119 /* CancerTracker */;
			targetProxy = 542FAB262DF143AD00A4A119 /* PBXContainerItemProxy */;
		};
		542FAB312DF143AD00A4A119 /* PBXTargetDependency */ = {
			isa = PBXTargetDependency;
			target = 542FAB152DF143AC00A4A119 /* CancerTracker */;
			targetProxy = 542FAB302DF143AD00A4A119 /* PBXContainerItemProxy */;
		};
/* End PBXTargetDependency section */

/* Begin XCBuildConfiguration section */
		542FAB372DF143AD00A4A119 /* Debug */ = {
			isa = XCBuildConfiguration;
			buildSettings = {
				ALWAYS_SEARCH_USER_PATHS = NO;
				ASSETCATALOG_COMPILER_GENERATE_SWIFT_ASSET_SYMBOL_EXTENSIONS = YES;
				CLANG_ANALYZER_NONNULL = YES;
				CLANG_ANALYZER_NUMBER_OBJECT_CONVERSION = YES_AGGRESSIVE;
				CLANG_CXX_LANGUAGE_STANDARD = "gnu++20";
				CLANG_ENABLE_MODULES = YES;
				CLANG_ENABLE_OBJC_ARC = YES;
				CLANG_ENABLE_OBJC_WEAK = YES;
				CLANG_WARN_BLOCK_CAPTURE_AUTORELEASING = YES;
				CLANG_WARN_BOOL_CONVERSION = YES;
				CLANG_WARN_COMMA = YES;
				CLANG_WARN_CONSTANT_CONVERSION = YES;
				CLANG_WARN_DEPRECATED_OBJC_IMPLEMENTATIONS = YES;
				CLANG_WARN_DIRECT_OBJC_ISA_USAGE = YES_ERROR;
				CLANG_WARN_DOCUMENTATION_COMMENTS = YES;
				CLANG_WARN_EMPTY_BODY = YES;
				CLANG_WARN_ENUM_CONVERSION = YES;
				CLANG_WARN_INFINITE_RECURSION = YES;
				CLANG_WARN_INT_CONVERSION = YES;
				CLANG_WARN_NON_LITERAL_NULL_CONVERSION = YES;
				CLANG_WARN_OBJC_IMPLICIT_RETAIN_SELF = YES;
				CLANG_WARN_OBJC_LITERAL_CONVERSION = YES;
				CLANG_WARN_OBJC_ROOT_CLASS = YES_ERROR;
				CLANG_WARN_QUOTED_INCLUDE_IN_FRAMEWORK_HEADER = YES;
				CLANG_WARN_RANGE_LOOP_ANALYSIS = YES;
				CLANG_WARN_STRICT_PROTOTYPES = YES;
				CLANG_WARN_SUSPICIOUS_MOVE = YES;
				CLANG_WARN_UNGUARDED_AVAILABILITY = YES_AGGRESSIVE;
				CLANG_WARN_UNREACHABLE_CODE = YES;
				CLANG_WARN__DUPLICATE_METHOD_MATCH = YES;
				COPY_PHASE_STRIP = NO;
				DEBUG_INFORMATION_FORMAT = dwarf;
				ENABLE_STRICT_OBJC_MSGSEND = YES;
				ENABLE_TESTABILITY = YES;
				ENABLE_USER_SCRIPT_SANDBOXING = YES;
				GCC_C_LANGUAGE_STANDARD = gnu17;
				GCC_DYNAMIC_NO_PIC = NO;
				GCC_NO_COMMON_BLOCKS = YES;
				GCC_OPTIMIZATION_LEVEL = 0;
				GCC_PREPROCESSOR_DEFINITIONS = (
					"DEBUG=1",
					"$(inherited)",
				);
				GCC_WARN_64_TO_32_BIT_CONVERSION = YES;
				GCC_WARN_ABOUT_RETURN_TYPE = YES_ERROR;
				GCC_WARN_UNDECLARED_SELECTOR = YES;
				GCC_WARN_UNINITIALIZED_AUTOS = YES_AGGRESSIVE;
				GCC_WARN_UNUSED_FUNCTION = YES;
				GCC_WARN_UNUSED_VARIABLE = YES;
				IPHONEOS_DEPLOYMENT_TARGET = 18.5;
				LOCALIZATION_PREFERS_STRING_CATALOGS = YES;
				MTL_ENABLE_DEBUG_INFO = INCLUDE_SOURCE;
				MTL_FAST_MATH = YES;
				ONLY_ACTIVE_ARCH = YES;
				SDKROOT = iphoneos;
				SWIFT_ACTIVE_COMPILATION_CONDITIONS = "DEBUG $(inherited)";
				SWIFT_OPTIMIZATION_LEVEL = "-Onone";
			};
			name = Debug;
		};
		542FAB382DF143AD00A4A119 /* Release */ = {
			isa = XCBuildConfiguration;
			buildSettings = {
				ALWAYS_SEARCH_USER_PATHS = NO;
				ASSETCATALOG_COMPILER_GENERATE_SWIFT_ASSET_SYMBOL_EXTENSIONS = YES;
				CLANG_ANALYZER_NONNULL = YES;
				CLANG_ANALYZER_NUMBER_OBJECT_CONVERSION = YES_AGGRESSIVE;
				CLANG_CXX_LANGUAGE_STANDARD = "gnu++20";
				CLANG_ENABLE_MODULES = YES;
				CLANG_ENABLE_OBJC_ARC = YES;
				CLANG_ENABLE_OBJC_WEAK = YES;
				CLANG_WARN_BLOCK_CAPTURE_AUTORELEASING = YES;
				CLANG_WARN_BOOL_CONVERSION = YES;
				CLANG_WARN_COMMA = YES;
				CLANG_WARN_CONSTANT_CONVERSION = YES;
				CLANG_WARN_DEPRECATED_OBJC_IMPLEMENTATIONS = YES;
				CLANG_WARN_DIRECT_OBJC_ISA_USAGE = YES_ERROR;
				CLANG_WARN_DOCUMENTATION_COMMENTS = YES;
				CLANG_WARN_EMPTY_BODY = YES;
				CLANG_WARN_ENUM_CONVERSION = YES;
				CLANG_WARN_INFINITE_RECURSION = YES;
				CLANG_WARN_INT_CONVERSION = YES;
				CLANG_WARN_NON_LITERAL_NULL_CONVERSION = YES;
				CLANG_WARN_OBJC_IMPLICIT_RETAIN_SELF = YES;
				CLANG_WARN_OBJC_LITERAL_CONVERSION = YES;
				CLANG_WARN_OBJC_ROOT_CLASS = YES_ERROR;
				CLANG_WARN_QUOTED_INCLUDE_IN_FRAMEWORK_HEADER = YES;
				CLANG_WARN_RANGE_LOOP_ANALYSIS = YES;
				CLANG_WARN_STRICT_PROTOTYPES = YES;
				CLANG_WARN_SUSPICIOUS_MOVE = YES;
				CLANG_WARN_UNGUARDED_AVAILABILITY = YES_AGGRESSIVE;
				CLANG_WARN_UNREACHABLE_CODE = YES;
				CLANG_WARN__DUPLICATE_METHOD_MATCH = YES;
				COPY_PHASE_STRIP = NO;
				DEBUG_INFORMATION_FORMAT = "dwarf-with-dsym";
				ENABLE_NS_ASSERTIONS = NO;
				ENABLE_STRICT_OBJC_MSGSEND = YES;
				ENABLE_USER_SCRIPT_SANDBOXING = YES;
				GCC_C_LANGUAGE_STANDARD = gnu17;
				GCC_NO_COMMON_BLOCKS = YES;
				GCC_WARN_64_TO_32_BIT_CONVERSION = YES;
				GCC_WARN_ABOUT_RETURN_TYPE = YES_ERROR;
				GCC_WARN_UNDECLARED_SELECTOR = YES;
				GCC_WARN_UNINITIALIZED_AUTOS = YES_AGGRESSIVE;
				GCC_WARN_UNUSED_FUNCTION = YES;
				GCC_WARN_UNUSED_VARIABLE = YES;
				IPHONEOS_DEPLOYMENT_TARGET = 18.5;
				LOCALIZATION_PREFERS_STRING_CATALOGS = YES;
				MTL_ENABLE_DEBUG_INFO = NO;
				MTL_FAST_MATH = YES;
				SDKROOT = iphoneos;
				SWIFT_COMPILATION_MODE = wholemodule;
				VALIDATE_PRODUCT = YES;
			};
			name = Release;
		};
		542FAB3A2DF143AD00A4A119 /* Debug */ = {
			isa = XCBuildConfiguration;
			buildSettings = {
				ASSETCATALOG_COMPILER_APPICON_NAME = AppIcon;
				ASSETCATALOG_COMPILER_GLOBAL_ACCENT_COLOR_NAME = AccentColor;
				CODE_SIGN_STYLE = Automatic;
				CURRENT_PROJECT_VERSION = 1;
				ENABLE_PREVIEWS = YES;
				GENERATE_INFOPLIST_FILE = YES;
				INFOPLIST_KEY_UIApplicationSceneManifest_Generation = YES;
				INFOPLIST_KEY_UIApplicationSupportsIndirectInputEvents = YES;
				INFOPLIST_KEY_UILaunchScreen_Generation = YES;
				INFOPLIST_KEY_UISupportedInterfaceOrientations_iPad = "UIInterfaceOrientationPortrait UIInterfaceOrientationPortraitUpsideDown UIInterfaceOrientationLandscapeLeft UIInterfaceOrientationLandscapeRight";
				INFOPLIST_KEY_UISupportedInterfaceOrientations_iPhone = "UIInterfaceOrientationPortrait UIInterfaceOrientationLandscapeLeft UIInterfaceOrientationLandscapeRight";
				LD_RUNPATH_SEARCH_PATHS = (
					"$(inherited)",
					"@executable_path/Frameworks",
				);
				MARKETING_VERSION = 1.0;
				PRODUCT_BUNDLE_IDENTIFIER = nancho.CancerTracker;
				PRODUCT_NAME = "$(TARGET_NAME)";
				SWIFT_EMIT_LOC_STRINGS = YES;
				SWIFT_VERSION = 5.0;
				TARGETED_DEVICE_FAMILY = "1,2";
			};
			name = Debug;
		};
		542FAB3B2DF143AD00A4A119 /* Release */ = {
			isa = XCBuildConfiguration;
			buildSettings = {
				ASSETCATALOG_COMPILER_APPICON_NAME = AppIcon;
				ASSETCATALOG_COMPILER_GLOBAL_ACCENT_COLOR_NAME = AccentColor;
				CODE_SIGN_STYLE = Automatic;
				CURRENT_PROJECT_VERSION = 1;
				ENABLE_PREVIEWS = YES;
				GENERATE_INFOPLIST_FILE = YES;
				INFOPLIST_KEY_UIApplicationSceneManifest_Generation = YES;
				INFOPLIST_KEY_UIApplicationSupportsIndirectInputEvents = YES;
				INFOPLIST_KEY_UILaunchScreen_Generation = YES;
				INFOPLIST_KEY_UISupportedInterfaceOrientations_iPad = "UIInterfaceOrientationPortrait UIInterfaceOrientationPortraitUpsideDown UIInterfaceOrientationLandscapeLeft UIInterfaceOrientationLandscapeRight";
				INFOPLIST_KEY_UISupportedInterfaceOrientations_iPhone = "UIInterfaceOrientationPortrait UIInterfaceOrientationLandscapeLeft UIInterfaceOrientationLandscapeRight";
				LD_RUNPATH_SEARCH_PATHS = (
					"$(inherited)",
					"@executable_path/Frameworks",
				);
				MARKETING_VERSION = 1.0;
				PRODUCT_BUNDLE_IDENTIFIER = nancho.CancerTracker;
				PRODUCT_NAME = "$(TARGET_NAME)";
				SWIFT_EMIT_LOC_STRINGS = YES;
				SWIFT_VERSION = 5.0;
				TARGETED_DEVICE_FAMILY = "1,2";
			};
			name = Release;
		};
		542FAB3D2DF143AD00A4A119 /* Debug */ = {
			isa = XCBuildConfiguration;
			buildSettings = {
				BUNDLE_LOADER = "$(TEST_HOST)";
				CODE_SIGN_STYLE = Automatic;
				CURRENT_PROJECT_VERSION = 1;
				GENERATE_INFOPLIST_FILE = YES;
				IPHONEOS_DEPLOYMENT_TARGET = 18.5;
				MARKETING_VERSION = 1.0;
				PRODUCT_BUNDLE_IDENTIFIER = nancho.CancerTrackerTests;
				PRODUCT_NAME = "$(TARGET_NAME)";
				SWIFT_EMIT_LOC_STRINGS = NO;
				SWIFT_VERSION = 5.0;
				TARGETED_DEVICE_FAMILY = "1,2";
				TEST_HOST = "$(BUILT_PRODUCTS_DIR)/CancerTracker.app/$(BUNDLE_EXECUTABLE_FOLDER_PATH)/CancerTracker";
			};
			name = Debug;
		};
		542FAB3E2DF143AD00A4A119 /* Release */ = {
			isa = XCBuildConfiguration;
			buildSettings = {
				BUNDLE_LOADER = "$(TEST_HOST)";
				CODE_SIGN_STYLE = Automatic;
				CURRENT_PROJECT_VERSION = 1;
				GENERATE_INFOPLIST_FILE = YES;
				IPHONEOS_DEPLOYMENT_TARGET = 18.5;
				MARKETING_VERSION = 1.0;
				PRODUCT_BUNDLE_IDENTIFIER = nancho.CancerTrackerTests;
				PRODUCT_NAME = "$(TARGET_NAME)";
				SWIFT_EMIT_LOC_STRINGS = NO;
				SWIFT_VERSION = 5.0;
				TARGETED_DEVICE_FAMILY = "1,2";
				TEST_HOST = "$(BUILT_PRODUCTS_DIR)/CancerTracker.app/$(BUNDLE_EXECUTABLE_FOLDER_PATH)/CancerTracker";
			};
			name = Release;
		};
		542FAB402DF143AD00A4A119 /* Debug */ = {
			isa = XCBuildConfiguration;
			buildSettings = {
				CODE_SIGN_STYLE = Automatic;
				CURRENT_PROJECT_VERSION = 1;
				GENERATE_INFOPLIST_FILE = YES;
				MARKETING_VERSION = 1.0;
				PRODUCT_BUNDLE_IDENTIFIER = nancho.CancerTrackerUITests;
				PRODUCT_NAME = "$(TARGET_NAME)";
				SWIFT_EMIT_LOC_STRINGS = NO;
				SWIFT_VERSION = 5.0;
				TARGETED_DEVICE_FAMILY = "1,2";
				TEST_TARGET_NAME = CancerTracker;
			};
			name = Debug;
		};
		542FAB412DF143AD00A4A119 /* Release */ = {
			isa = XCBuildConfiguration;
			buildSettings = {
				CODE_SIGN_STYLE = Automatic;
				CURRENT_PROJECT_VERSION = 1;
				GENERATE_INFOPLIST_FILE = YES;
				MARKETING_VERSION = 1.0;
				PRODUCT_BUNDLE_IDENTIFIER = nancho.CancerTrackerUITests;
				PRODUCT_NAME = "$(TARGET_NAME)";
				SWIFT_EMIT_LOC_STRINGS = NO;
				SWIFT_VERSION = 5.0;
				TARGETED_DEVICE_FAMILY = "1,2";
				TEST_TARGET_NAME = CancerTracker;
			};
			name = Release;
		};
/* End XCBuildConfiguration section */

/* Begin XCConfigurationList section */
		542FAB112DF143AC00A4A119 /* Build configuration list for PBXProject "CancerTracker" */ = {
			isa = XCConfigurationList;
			buildConfigurations = (
				542FAB372DF143AD00A4A119 /* Debug */,
				542FAB382DF143AD00A4A119 /* Release */,
			);
			defaultConfigurationIsVisible = 0;
			defaultConfigurationName = Release;
		};
		542FAB392DF143AD00A4A119 /* Build configuration list for PBXNativeTarget "CancerTracker" */ = {
			isa = XCConfigurationList;
			buildConfigurations = (
				542FAB3A2DF143AD00A4A119 /* Debug */,
				542FAB3B2DF143AD00A4A119 /* Release */,
			);
			defaultConfigurationIsVisible = 0;
			defaultConfigurationName = Release;
		};
		542FAB3C2DF143AD00A4A119 /* Build configuration list for PBXNativeTarget "CancerTrackerTests" */ = {
			isa = XCConfigurationList;
			buildConfigurations = (
				542FAB3D2DF143AD00A4A119 /* Debug */,
				542FAB3E2DF143AD00A4A119 /* Release */,
			);
			defaultConfigurationIsVisible = 0;
			defaultConfigurationName = Release;
		};
		542FAB3F2DF143AD00A4A119 /* Build configuration list for PBXNativeTarget "CancerTrackerUITests" */ = {
			isa = XCConfigurationList;
			buildConfigurations = (
				542FAB402DF143AD00A4A119 /* Debug */,
				542FAB412DF143AD00A4A119 /* Release */,
			);
			defaultConfigurationIsVisible = 0;
			defaultConfigurationName = Release;
		};
/* End XCConfigurationList section */
	};
	rootObject = 542FAB0E2DF143AC00A4A119 /* Project object */;
}
